{
    "version": 3,
    "terraform_version": "0.9.2",
    "serial": 31,
    "lineage": "7eea2306-8a43-4783-92bd-41a7e073ca35",
    "modules": [
        {
            "path": [
                "root"
            ],
            "outputs": {},
            "resources": {
                "aws_cloudfront_distribution.chrisipowell_static": {
                    "type": "aws_cloudfront_distribution",
                    "depends_on": [
                        "aws_s3_bucket.website_chrisipowell"
                    ],
                    "primary": {
                        "id": "E2QWJZEFFVJRMH",
                        "attributes": {
                            "active_trusted_signers.%": "2",
                            "active_trusted_signers.enabled": "false",
                            "active_trusted_signers.items.#": "0",
                            "aliases.#": "2",
                            "aliases.2560539219": "chrisipowell.co.uk",
                            "aliases.67526735": "www.chrisipowell.co.uk",
                            "arn": "arn:aws:cloudfront::161480166635:distribution/E2QWJZEFFVJRMH",
                            "cache_behavior.#": "0",
                            "caller_reference": "1476649769733",
                            "comment": "Managed by Terraform",
                            "custom_error_response.#": "0",
                            "default_cache_behavior.#": "1",
                            "default_cache_behavior.3446167539.allowed_methods.#": "7",
                            "default_cache_behavior.3446167539.allowed_methods.0": "HEAD",
                            "default_cache_behavior.3446167539.allowed_methods.1": "DELETE",
                            "default_cache_behavior.3446167539.allowed_methods.2": "POST",
                            "default_cache_behavior.3446167539.allowed_methods.3": "GET",
                            "default_cache_behavior.3446167539.allowed_methods.4": "OPTIONS",
                            "default_cache_behavior.3446167539.allowed_methods.5": "PUT",
                            "default_cache_behavior.3446167539.allowed_methods.6": "PATCH",
                            "default_cache_behavior.3446167539.cached_methods.#": "2",
                            "default_cache_behavior.3446167539.cached_methods.0": "HEAD",
                            "default_cache_behavior.3446167539.cached_methods.1": "GET",
                            "default_cache_behavior.3446167539.compress": "true",
                            "default_cache_behavior.3446167539.default_ttl": "86400",
                            "default_cache_behavior.3446167539.forwarded_values.#": "1",
                            "default_cache_behavior.3446167539.forwarded_values.2759845635.cookies.#": "1",
                            "default_cache_behavior.3446167539.forwarded_values.2759845635.cookies.2625240281.forward": "none",
                            "default_cache_behavior.3446167539.forwarded_values.2759845635.cookies.2625240281.whitelisted_names.#": "0",
                            "default_cache_behavior.3446167539.forwarded_values.2759845635.headers.#": "0",
                            "default_cache_behavior.3446167539.forwarded_values.2759845635.query_string": "false",
                            "default_cache_behavior.3446167539.forwarded_values.2759845635.query_string_cache_keys.#": "0",
                            "default_cache_behavior.3446167539.lambda_function_association.#": "0",
                            "default_cache_behavior.3446167539.max_ttl": "604800",
                            "default_cache_behavior.3446167539.min_ttl": "0",
                            "default_cache_behavior.3446167539.smooth_streaming": "false",
                            "default_cache_behavior.3446167539.target_origin_id": "Custom-Website-chrisipowell",
                            "default_cache_behavior.3446167539.trusted_signers.#": "0",
                            "default_cache_behavior.3446167539.viewer_protocol_policy": "redirect-to-https",
                            "default_root_object": "index.html",
                            "domain_name": "d3gz4dpgqvzepf.cloudfront.net",
                            "enabled": "true",
                            "etag": "E3FHWDWI2MJT1V",
                            "hosted_zone_id": "Z2FDTNDATAQYW2",
                            "http_version": "http2",
                            "id": "E2QWJZEFFVJRMH",
                            "in_progress_validation_batches": "0",
                            "is_ipv6_enabled": "true",
                            "last_modified_time": "2017-04-21 05:28:37.443 +0000 UTC",
                            "logging_config.#": "0",
                            "origin.#": "1",
                            "origin.963871983.custom_header.#": "0",
                            "origin.963871983.custom_origin_config.#": "1",
                            "origin.963871983.custom_origin_config.3243842337.http_port": "80",
                            "origin.963871983.custom_origin_config.3243842337.https_port": "443",
                            "origin.963871983.custom_origin_config.3243842337.origin_protocol_policy": "http-only",
                            "origin.963871983.custom_origin_config.3243842337.origin_ssl_protocols.#": "1",
                            "origin.963871983.custom_origin_config.3243842337.origin_ssl_protocols.0": "TLSv1.2",
                            "origin.963871983.domain_name": "chrisipowell.s3-website-eu-west-1.amazonaws.com",
                            "origin.963871983.origin_id": "Custom-Website-chrisipowell",
                            "origin.963871983.origin_path": "",
                            "origin.963871983.s3_origin_config.#": "0",
                            "price_class": "PriceClass_All",
                            "restrictions.#": "1",
                            "restrictions.1097372288.geo_restriction.#": "1",
                            "restrictions.1097372288.geo_restriction.2625240281.locations.#": "0",
                            "restrictions.1097372288.geo_restriction.2625240281.restriction_type": "none",
                            "retain_on_delete": "false",
                            "status": "Deployed",
                            "tags.%": "1",
                            "tags.Environment": "production",
                            "viewer_certificate.#": "1",
                            "viewer_certificate.3324720016.acm_certificate_arn": "arn:aws:acm:us-east-1:161480166635:certificate/93763cc4-ec84-478d-bc77-a245310b7904",
                            "viewer_certificate.3324720016.cloudfront_default_certificate": "false",
                            "viewer_certificate.3324720016.iam_certificate_id": "",
                            "viewer_certificate.3324720016.minimum_protocol_version": "TLSv1",
                            "viewer_certificate.3324720016.ssl_support_method": "sni-only",
                            "web_acl_id": ""
                        },
                        "meta": {},
                        "tainted": false
                    },
                    "deposed": [],
                    "provider": ""
                },
                "aws_route53_record.staging": {
                    "type": "aws_route53_record",
                    "depends_on": [
                        "aws_route53_zone.chrisipowell_co_uk",
                        "aws_route53_zone.chrisipowell_co_uk",
                        "aws_s3_bucket.website_devchrisipowell",
                        "aws_s3_bucket.website_devchrisipowell"
                    ],
                    "primary": {
                        "id": "Z2L1ERYY5R9A22_dev.chrisipowell.co.uk._A",
                        "attributes": {
                            "alias.#": "1",
                            "alias.811540099.evaluate_target_health": "true",
                            "alias.811540099.name": "s3-website-eu-west-1.amazonaws.com",
                            "alias.811540099.zone_id": "Z1BKCTXD74EZPE",
                            "fqdn": "dev.chrisipowell.co.uk",
                            "health_check_id": "",
                            "id": "Z2L1ERYY5R9A22_dev.chrisipowell.co.uk._A",
                            "name": "dev.chrisipowell.co.uk",
                            "records.#": "0",
                            "set_identifier": "",
                            "ttl": "0",
                            "type": "A",
                            "zone_id": "Z2L1ERYY5R9A22"
                        },
                        "meta": {
                            "schema_version": "2"
                        },
                        "tainted": false
                    },
                    "deposed": [],
                    "provider": ""
                },
                "aws_route53_zone.chrisipowell_co_uk": {
                    "type": "aws_route53_zone",
                    "depends_on": [],
                    "primary": {
                        "id": "Z2L1ERYY5R9A22",
                        "attributes": {
                            "comment": "Managed by Terraform",
                            "force_destroy": "false",
                            "id": "Z2L1ERYY5R9A22",
                            "name": "chrisipowell.co.uk.",
                            "name_servers.#": "4",
                            "name_servers.0": "ns-1500.awsdns-59.org",
                            "name_servers.1": "ns-1692.awsdns-19.co.uk",
                            "name_servers.2": "ns-2.awsdns-00.com",
                            "name_servers.3": "ns-777.awsdns-33.net",
                            "tags.%": "0",
                            "zone_id": "Z2L1ERYY5R9A22"
                        },
                        "meta": {},
                        "tainted": false
                    },
                    "deposed": [],
                    "provider": ""
                },
                "aws_s3_bucket.website_chrisipowell": {
                    "type": "aws_s3_bucket",
                    "depends_on": [],
                    "primary": {
                        "id": "chrisipowell",
                        "attributes": {
                            "acceleration_status": "",
                            "acl": "public-read",
                            "arn": "arn:aws:s3:::chrisipowell",
                            "bucket": "chrisipowell",
                            "bucket_domain_name": "chrisipowell.s3.amazonaws.com",
                            "force_destroy": "false",
                            "hosted_zone_id": "Z1BKCTXD74EZPE",
                            "id": "chrisipowell",
                            "region": "eu-west-1",
                            "request_payer": "BucketOwner",
                            "tags.%": "2",
                            "tags.Environment": "Live",
                            "tags.Name": "ChrisIPowell.co.uk Static Site",
                            "versioning.#": "1",
                            "versioning.0.enabled": "false",
                            "versioning.0.mfa_delete": "false",
                            "website.#": "1",
                            "website.0.error_document": "404.html",
                            "website.0.index_document": "index.html",
                            "website.0.redirect_all_requests_to": "",
                            "website.0.routing_rules": "",
                            "website_domain": "s3-website-eu-west-1.amazonaws.com",
                            "website_endpoint": "chrisipowell.s3-website-eu-west-1.amazonaws.com"
                        },
                        "meta": {},
                        "tainted": false
                    },
                    "deposed": [],
                    "provider": ""
                },
                "aws_s3_bucket.website_devchrisipowell": {
                    "type": "aws_s3_bucket",
                    "depends_on": [],
                    "primary": {
                        "id": "dev.chrisipowell.co.uk",
                        "attributes": {
                            "acceleration_status": "",
                            "acl": "public-read",
                            "arn": "arn:aws:s3:::dev.chrisipowell.co.uk",
                            "bucket": "dev.chrisipowell.co.uk",
                            "bucket_domain_name": "dev.chrisipowell.co.uk.s3.amazonaws.com",
                            "force_destroy": "false",
                            "hosted_zone_id": "Z1BKCTXD74EZPE",
                            "id": "dev.chrisipowell.co.uk",
                            "region": "eu-west-1",
                            "request_payer": "BucketOwner",
                            "tags.%": "2",
                            "tags.Environment": "Staging",
                            "tags.Name": "ChrisIPowell.co.uk Staging Static Site",
                            "versioning.#": "1",
                            "versioning.0.enabled": "false",
                            "versioning.0.mfa_delete": "false",
                            "website.#": "1",
                            "website.0.error_document": "404.html",
                            "website.0.index_document": "index.html",
                            "website.0.redirect_all_requests_to": "",
                            "website.0.routing_rules": "",
                            "website_domain": "s3-website-eu-west-1.amazonaws.com",
                            "website_endpoint": "dev.chrisipowell.co.uk.s3-website-eu-west-1.amazonaws.com"
                        },
                        "meta": {},
                        "tainted": false
                    },
                    "deposed": [],
                    "provider": ""
                }
            },
            "depends_on": []
        }
    ]
}
